
Microsoft Visual Studio Solution File, Format Version 12.00
# Visual Studio Version 17
VisualStudioVersion = 17.14.36414.22 d17.14
MinimumVisualStudioVersion = 10.0.40219.1
Project("{FAE04EC0-301F-11D3-BF4B-00C04F79EFBC}") = "shop", "shop.csproj", "{2390C923-7B14-44CF-B103-0FE79AB0F408}"
EndProject
Global
	GlobalSection(SolutionConfigurationPlatforms) = preSolution
		Debug|Any CPU = Debug|Any CPU
		Release|Any CPU = Release|Any CPU
	EndGlobalSection
	GlobalSection(ProjectConfigurationPlatforms) = postSolution
		{2390C923-7B14-44CF-B103-0FE79AB0F408}.Debug|Any CPU.ActiveCfg = Debug|Any CPU
		{2390C923-7B14-44CF-B103-0FE79AB0F408}.Debug|Any CPU.Build.0 = Debug|Any CPU
		{2390C923-7B14-44CF-B103-0FE79AB0F408}.Release|Any CPU.ActiveCfg = Release|Any CPU
		{2390C923-7B14-44CF-B103-0FE79AB0F408}.Release|Any CPU.Build.0 = Release|Any CPU
	EndGlobalSection
	GlobalSection(SolutionProperties) = preSolution
		HideSolutionNode = FALSE
	EndGlobalSection
	GlobalSection(ExtensibilityGlobals) = postSolution
		SolutionGuid = {3C41D350-B582-4525-BAC7-38EE088EC767}
	EndGlobalSection
EndGlobal
